
Microsoft Visual Studio Solution File, Format Version 12.00
# Visual Studio Version 17
VisualStudioVersion = 17.14.36109.1 d17.14
MinimumVisualStudioVersion = 10.0.40219.1
Project("{FAE04EC0-301F-11D3-BF4B-00C04F79EFBC}") = "TarefasApi", "TarefasApi\TarefasApi.csproj", "{61A006EA-3D13-417E-B312-8F6E80988002}"
EndProject
Global
	GlobalSection(SolutionConfigurationPlatforms) = preSolution
		Debug|Any CPU = Debug|Any CPU
		Release|Any CPU = Release|Any CPU
	EndGlobalSection
	GlobalSection(ProjectConfigurationPlatforms) = postSolution
		{61A006EA-3D13-417E-B312-8F6E80988002}.Debug|Any CPU.ActiveCfg = Debug|Any CPU
		{61A006EA-3D13-417E-B312-8F6E80988002}.Debug|Any CPU.Build.0 = Debug|Any CPU
		{61A006EA-3D13-417E-B312-8F6E80988002}.Release|Any CPU.ActiveCfg = Release|Any CPU
		{61A006EA-3D13-417E-B312-8F6E80988002}.Release|Any CPU.Build.0 = Release|Any CPU
	EndGlobalSection
	GlobalSection(SolutionProperties) = preSolution
		HideSolutionNode = FALSE
	EndGlobalSection
	GlobalSection(ExtensibilityGlobals) = postSolution
		SolutionGuid = {AD38161B-50BB-4E3C-B06B-656357C81CA1}
	EndGlobalSection
EndGlobal
